
Microsoft Visual Studio Solution File, Format Version 12.00
# Visual Studio Version 16
VisualStudioVersion = 16.0.32602.291
MinimumVisualStudioVersion = 10.0.40219.1
Project("{FAE04EC0-301F-11D3-BF4B-00C04F79EFBC}") = "Wypozyczalnia_v4", "Wypozyczalnia_v4\Wypozyczalnia_v4.csproj", "{830B85CF-6D65-4CD4-8C2E-EED1A547C0D3}"
EndProject
Global
	GlobalSection(SolutionConfigurationPlatforms) = preSolution
		Debug|Any CPU = Debug|Any CPU
		Release|Any CPU = Release|Any CPU
	EndGlobalSection
	GlobalSection(ProjectConfigurationPlatforms) = postSolution
		{830B85CF-6D65-4CD4-8C2E-EED1A547C0D3}.Debug|Any CPU.ActiveCfg = Debug|Any CPU
		{830B85CF-6D65-4CD4-8C2E-EED1A547C0D3}.Debug|Any CPU.Build.0 = Debug|Any CPU
		{830B85CF-6D65-4CD4-8C2E-EED1A547C0D3}.Release|Any CPU.ActiveCfg = Release|Any CPU
		{830B85CF-6D65-4CD4-8C2E-EED1A547C0D3}.Release|Any CPU.Build.0 = Release|Any CPU
	EndGlobalSection
	GlobalSection(SolutionProperties) = preSolution
		HideSolutionNode = FALSE
	EndGlobalSection
	GlobalSection(ExtensibilityGlobals) = postSolution
		SolutionGuid = {32953741-EAB9-40CE-AE3A-2481D4B6165F}
	EndGlobalSection
EndGlobal
